
Microsoft Visual Studio Solution File, Format Version 12.00
# Visual Studio 2013
VisualStudioVersion = 12.0.21005.1
MinimumVisualStudioVersion = 10.0.40219.1
Project("{FAE04EC0-301F-11D3-BF4B-00C04F79EFBC}") = "InputFileComparer", "InputFileComparer\InputFileComparer.csproj", "{E6086470-1D3D-4F23-8FDE-BE22E6477DEA}"
EndProject
Project("{FAE04EC0-301F-11D3-BF4B-00C04F79EFBC}") = "InputFileCompareTest", "InputFileCompareTest\InputFileCompareTest.csproj", "{E1E3FFAA-3E7C-4B85-B6F2-C320CC823C8C}"
EndProject
Global
	GlobalSection(SolutionConfigurationPlatforms) = preSolution
		Debug|Any CPU = Debug|Any CPU
		Release|Any CPU = Release|Any CPU
	EndGlobalSection
	GlobalSection(ProjectConfigurationPlatforms) = postSolution
		{E6086470-1D3D-4F23-8FDE-BE22E6477DEA}.Debug|Any CPU.ActiveCfg = Debug|Any CPU
		{E6086470-1D3D-4F23-8FDE-BE22E6477DEA}.Debug|Any CPU.Build.0 = Debug|Any CPU
		{E6086470-1D3D-4F23-8FDE-BE22E6477DEA}.Release|Any CPU.ActiveCfg = Release|Any CPU
		{E6086470-1D3D-4F23-8FDE-BE22E6477DEA}.Release|Any CPU.Build.0 = Release|Any CPU
		{E1E3FFAA-3E7C-4B85-B6F2-C320CC823C8C}.Debug|Any CPU.ActiveCfg = Debug|Any CPU
		{E1E3FFAA-3E7C-4B85-B6F2-C320CC823C8C}.Debug|Any CPU.Build.0 = Debug|Any CPU
		{E1E3FFAA-3E7C-4B85-B6F2-C320CC823C8C}.Release|Any CPU.ActiveCfg = Release|Any CPU
		{E1E3FFAA-3E7C-4B85-B6F2-C320CC823C8C}.Release|Any CPU.Build.0 = Release|Any CPU
	EndGlobalSection
	GlobalSection(SolutionProperties) = preSolution
		HideSolutionNode = FALSE
	EndGlobalSection
EndGlobal
